
Microsoft Visual Studio Solution File, Format Version 12.00
# Visual Studio 15
VisualStudioVersion = 15.0.27130.2036
MinimumVisualStudioVersion = 10.0.40219.1
Project("{FAE04EC0-301F-11D3-BF4B-00C04F79EFBC}") = "MyCalculator", "MyCalculator\MyCalculator.csproj", "{46160EC0-874B-4D79-8181-D5621963B67B}"
EndProject
Global
	GlobalSection(SolutionConfigurationPlatforms) = preSolution
		Debug|Any CPU = Debug|Any CPU
		Release|Any CPU = Release|Any CPU
	EndGlobalSection
	GlobalSection(ProjectConfigurationPlatforms) = postSolution
		{46160EC0-874B-4D79-8181-D5621963B67B}.Debug|Any CPU.ActiveCfg = Debug|Any CPU
		{46160EC0-874B-4D79-8181-D5621963B67B}.Debug|Any CPU.Build.0 = Debug|Any CPU
		{46160EC0-874B-4D79-8181-D5621963B67B}.Release|Any CPU.ActiveCfg = Release|Any CPU
		{46160EC0-874B-4D79-8181-D5621963B67B}.Release|Any CPU.Build.0 = Release|Any CPU
	EndGlobalSection
	GlobalSection(SolutionProperties) = preSolution
		HideSolutionNode = FALSE
	EndGlobalSection
	GlobalSection(ExtensibilityGlobals) = postSolution
		SolutionGuid = {B71A035D-913F-4E70-9C32-B22BC2DEBC48}
	EndGlobalSection
EndGlobal
